
Microsoft Visual Studio Solution File, Format Version 12.00
# Visual Studio Version 16
VisualStudioVersion = 16.0.29418.71
MinimumVisualStudioVersion = 10.0.40219.1
Project("{9A19103F-16F7-4668-BE54-9A1E7A4F7556}") = "CocktailWizard.Data", "CocktailWizard.Data\CocktailWizard.Data.csproj", "{E89BFCFB-D702-458A-9AD2-6D96772FBED6}"
EndProject
Project("{9A19103F-16F7-4668-BE54-9A1E7A4F7556}") = "CocktailWizard.Services", "CocktailWizard.Services\CocktailWizard.Services.csproj", "{3BC4C3E4-FAE6-472C-A889-3302E304868B}"
EndProject
Project("{9A19103F-16F7-4668-BE54-9A1E7A4F7556}") = "CocktailWizard.Web", "CocktailWizard.Web\CocktailWizard.Web.csproj", "{57DF7877-0F3D-43FA-B001-C7DEE467A76F}"
EndProject
Project("{9A19103F-16F7-4668-BE54-9A1E7A4F7556}") = "CocktailWizard.Services.Tests", "CocktailWizard.Services.Tests\CocktailWizard.Services.Tests.csproj", "{75DA49CC-254A-4D77-8776-95C036DC455B}"
EndProject
Global
	GlobalSection(SolutionConfigurationPlatforms) = preSolution
		Debug|Any CPU = Debug|Any CPU
		Release|Any CPU = Release|Any CPU
	EndGlobalSection
	GlobalSection(ProjectConfigurationPlatforms) = postSolution
		{E89BFCFB-D702-458A-9AD2-6D96772FBED6}.Debug|Any CPU.ActiveCfg = Debug|Any CPU
		{E89BFCFB-D702-458A-9AD2-6D96772FBED6}.Debug|Any CPU.Build.0 = Debug|Any CPU
		{E89BFCFB-D702-458A-9AD2-6D96772FBED6}.Release|Any CPU.ActiveCfg = Release|Any CPU
		{E89BFCFB-D702-458A-9AD2-6D96772FBED6}.Release|Any CPU.Build.0 = Release|Any CPU
		{3BC4C3E4-FAE6-472C-A889-3302E304868B}.Debug|Any CPU.ActiveCfg = Debug|Any CPU
		{3BC4C3E4-FAE6-472C-A889-3302E304868B}.Debug|Any CPU.Build.0 = Debug|Any CPU
		{3BC4C3E4-FAE6-472C-A889-3302E304868B}.Release|Any CPU.ActiveCfg = Release|Any CPU
		{3BC4C3E4-FAE6-472C-A889-3302E304868B}.Release|Any CPU.Build.0 = Release|Any CPU
		{57DF7877-0F3D-43FA-B001-C7DEE467A76F}.Debug|Any CPU.ActiveCfg = Debug|Any CPU
		{57DF7877-0F3D-43FA-B001-C7DEE467A76F}.Debug|Any CPU.Build.0 = Debug|Any CPU
		{57DF7877-0F3D-43FA-B001-C7DEE467A76F}.Release|Any CPU.ActiveCfg = Release|Any CPU
		{57DF7877-0F3D-43FA-B001-C7DEE467A76F}.Release|Any CPU.Build.0 = Release|Any CPU
		{75DA49CC-254A-4D77-8776-95C036DC455B}.Debug|Any CPU.ActiveCfg = Debug|Any CPU
		{75DA49CC-254A-4D77-8776-95C036DC455B}.Debug|Any CPU.Build.0 = Debug|Any CPU
		{75DA49CC-254A-4D77-8776-95C036DC455B}.Release|Any CPU.ActiveCfg = Release|Any CPU
		{75DA49CC-254A-4D77-8776-95C036DC455B}.Release|Any CPU.Build.0 = Release|Any CPU
	EndGlobalSection
	GlobalSection(SolutionProperties) = preSolution
		HideSolutionNode = FALSE
	EndGlobalSection
	GlobalSection(ExtensibilityGlobals) = postSolution
		SolutionGuid = {3C214C35-E339-4A51-AD3E-96C60F827B48}
	EndGlobalSection
EndGlobal
